<?xml version="1.0" encoding="utf-8"?>
<Project ToolsVersion="4.0" xmlns="http://schemas.microsoft.com/developer/msbuild/2003">
  <ItemGroup>
    <ClCompile Include="src\testApp.cpp">
      <Filter>src</Filter>
    </ClCompile>
    <ClCompile Include="src\main.cpp">
      <Filter>src</Filter>
    </ClCompile>
    <ClCompile Include="..\..\..\addons\ofxMidi\src\desktop\rtmidi\RtMidi.cpp">
      <Filter>addons\ofxMidi\src\desktop\rtmidi</Filter>
    </ClCompile>
    <ClCompile Include="..\..\..\addons\ofxMidi\src\desktop\ofxRtMidiIn.cpp">
      <Filter>addons\ofxMidi\src\desktop</Filter>
    </ClCompile>
    <ClCompile Include="..\..\..\addons\ofxMidi\src\desktop\ofxRtMidiOut.cpp">
      <Filter>addons\ofxMidi\src\desktop</Filter>
    </ClCompile>
    <ClCompile Include="..\..\..\addons\ofxMidi\src\ofxBaseMidi.cpp">
      <Filter>addons\ofxMidi\src</Filter>
    </ClCompile>
    <ClCompile Include="..\..\..\addons\ofxMidi\src\ofxMidi.cpp">
      <Filter>addons\ofxMidi\src</Filter>
    </ClCompile>
    <ClCompile Include="..\..\..\addons\ofxMidi\src\ofxMidiIn.cpp">
      <Filter>addons\ofxMidi\src</Filter>
    </ClCompile>
    <ClCompile Include="..\..\..\addons\ofxMidi\src\ofxMidiMessage.cpp">
      <Filter>addons\ofxMidi\src</Filter>
    </ClCompile>
    <ClCompile Include="..\..\..\addons\ofxMidi\src\ofxMidiOut.cpp">
      <Filter>addons\ofxMidi\src</Filter>
    </ClCompile>
    <ClCompile Include="..\..\..\addons\zeoParser\src\zeoParser.cpp">
      <Filter>addons\zeoParser\src</Filter>
    </ClCompile>
    <ClCompile Include="..\..\..\addons\ofxOscilloscope\src\ofxOscilloscope.cpp">
      <Filter>addons\ofxOscilloscope\src</Filter>
    </ClCompile>
    <ClCompile Include="..\TelephoneRewiredLib\src\logger.cpp">
      <Filter>TelephoneRewiredLib\src</Filter>
    </ClCompile>
    <ClCompile Include="..\TelephoneRewiredLib\src\telephoneRewired.cpp">
      <Filter>TelephoneRewiredLib\src</Filter>
    </ClCompile>
    <ClCompile Include="..\TelephoneRewiredLib\src\experimentGovernor.cpp">
      <Filter>TelephoneRewiredLib\src</Filter>
    </ClCompile>
  </ItemGroup>
  <ItemGroup>
    <Filter Include="src">
      <UniqueIdentifier>{d8376475-7454-4a24-b08a-aac121d3ad6f}</UniqueIdentifier>
    </Filter>
    <Filter Include="addons">
      <UniqueIdentifier>{5ed55b4c-d1ff-4a52-8540-fc20654bba56}</UniqueIdentifier>
    </Filter>
    <Filter Include="addons\ofxMidi">
      <UniqueIdentifier>{25d54870-bfe8-4bcc-a1ad-57055579ae21}</UniqueIdentifier>
    </Filter>
    <Filter Include="addons\ofxMidi\src">
      <UniqueIdentifier>{a4fb7862-ea88-4b6d-b388-9aa49fcf7f24}</UniqueIdentifier>
    </Filter>
    <Filter Include="addons\ofxMidi\src\desktop">
      <UniqueIdentifier>{a2102ddc-5cfc-4bd6-a6bc-58c76d96170e}</UniqueIdentifier>
    </Filter>
    <Filter Include="addons\ofxMidi\src\desktop\rtmidi">
      <UniqueIdentifier>{5951229c-ceec-4cc7-8727-9ad6a6d4bf7b}</UniqueIdentifier>
    </Filter>
    <Filter Include="addons\ofxOscilloscope">
      <UniqueIdentifier>{52525879-ce17-48d2-abfd-bd68352e8086}</UniqueIdentifier>
    </Filter>
    <Filter Include="addons\ofxOscilloscope\src">
      <UniqueIdentifier>{87d52f45-44d6-499c-9ee7-9f9a7a0bcbe0}</UniqueIdentifier>
    </Filter>
    <Filter Include="addons\zeoParser">
      <UniqueIdentifier>{e10b1cbd-9545-4606-a279-51e2ac4dde10}</UniqueIdentifier>
    </Filter>
    <Filter Include="addons\zeoParser\src">
      <UniqueIdentifier>{d1762564-002a-4cc4-ac65-cb910c04e482}</UniqueIdentifier>
    </Filter>
    <Filter Include="TelephoneRewiredLib">
      <UniqueIdentifier>{9142a383-92a7-4222-944e-144afb91ecde}</UniqueIdentifier>
    </Filter>
    <Filter Include="TelephoneRewiredLib\src">
      <UniqueIdentifier>{5885823d-6c92-44c1-8e0d-e768dd153b48}</UniqueIdentifier>
    </Filter>
  </ItemGroup>
  <ItemGroup>
    <ClInclude Include="src\testApp.h">
      <Filter>src</Filter>
    </ClInclude>
    <ClInclude Include="..\..\..\addons\ofxMidi\src\desktop\rtmidi\RtError.h">
      <Filter>addons\ofxMidi\src\desktop\rtmidi</Filter>
    </ClInclude>
    <ClInclude Include="..\..\..\addons\ofxMidi\src\desktop\rtmidi\RtMidi.h">
      <Filter>addons\ofxMidi\src\desktop\rtmidi</Filter>
    </ClInclude>
    <ClInclude Include="..\..\..\addons\ofxMidi\src\desktop\ofxRtMidiIn.h">
      <Filter>addons\ofxMidi\src\desktop</Filter>
    </ClInclude>
    <ClInclude Include="..\..\..\addons\ofxMidi\src\desktop\ofxRtMidiOut.h">
      <Filter>addons\ofxMidi\src\desktop</Filter>
    </ClInclude>
    <ClInclude Include="..\..\..\addons\ofxMidi\src\ofxBaseMidi.h">
      <Filter>addons\ofxMidi\src</Filter>
    </ClInclude>
    <ClInclude Include="..\..\..\addons\ofxMidi\src\ofxMidi.h">
      <Filter>addons\ofxMidi\src</Filter>
    </ClInclude>
    <ClInclude Include="..\..\..\addons\ofxMidi\src\ofxMidiConstants.h">
      <Filter>addons\ofxMidi\src</Filter>
    </ClInclude>
    <ClInclude Include="..\..\..\addons\ofxMidi\src\ofxMidiIn.h">
      <Filter>addons\ofxMidi\src</Filter>
    </ClInclude>
    <ClInclude Include="..\..\..\addons\ofxMidi\src\ofxMidiMessage.h">
      <Filter>addons\ofxMidi\src</Filter>
    </ClInclude>
    <ClInclude Include="..\..\..\addons\ofxMidi\src\ofxMidiOut.h">
      <Filter>addons\ofxMidi\src</Filter>
    </ClInclude>
    <ClInclude Include="..\..\..\addons\ofxMidi\src\ofxMidiTypes.h">
      <Filter>addons\ofxMidi\src</Filter>
    </ClInclude>
    <ClInclude Include="..\..\..\addons\zeoParser\src\zeoParser.h">
      <Filter>addons\zeoParser\src</Filter>
    </ClInclude>
    <ClInclude Include="..\..\..\addons\ofxOscilloscope\src\ofxOscilloscope.h">
      <Filter>addons\ofxOscilloscope\src</Filter>
    </ClInclude>
    <ClInclude Include="src\telephoneRewiredSettings.h">
      <Filter>src</Filter>
    </ClInclude>
    <ClInclude Include="..\TelephoneRewiredLib\src\logger.h">
      <Filter>TelephoneRewiredLib\src</Filter>
    </ClInclude>
    <ClInclude Include="..\TelephoneRewiredLib\src\myUtils.h">
      <Filter>TelephoneRewiredLib\src</Filter>
    </ClInclude>
    <ClInclude Include="..\TelephoneRewiredLib\src\telephoneRewired.h">
      <Filter>TelephoneRewiredLib\src</Filter>
    </ClInclude>
    <ClInclude Include="src\brainTrainment.h">
      <Filter>src</Filter>
    </ClInclude>
    <ClInclude Include="..\TelephoneRewiredLib\src\telephoneRewiredLoggerCodes.h">
      <Filter>TelephoneRewiredLib\src</Filter>
    </ClInclude>
    <ClInclude Include="..\TelephoneRewiredLib\src\experimentGovernor.h">
      <Filter>TelephoneRewiredLib\src</Filter>
    </ClInclude>
  </ItemGroup>
</Project>